
Microsoft Visual Studio Solution File, Format Version 12.00
# Visual Studio Version 16
VisualStudioVersion = 16.0.30114.105
MinimumVisualStudioVersion = 10.0.40219.1
Project("{FAE04EC0-301F-11D3-BF4B-00C04F79EFBC}") = "R5T.Pompeii.Base", "R5T.Pompeii.Base\R5T.Pompeii.Base.csproj", "{816ACB20-C4CA-4520-BC5F-CC508844B273}"
EndProject
Project("{FAE04EC0-301F-11D3-BF4B-00C04F79EFBC}") = "R5T.Pompeii.Base.Construction", "R5T.Pompeii.Base.Construction\R5T.Pompeii.Base.Construction.csproj", "{9E9E74FD-EB01-43C8-907A-720EFE543924}"
EndProject
Global
	GlobalSection(SolutionConfigurationPlatforms) = preSolution
		Debug|Any CPU = Debug|Any CPU
		Debug|x64 = Debug|x64
		Debug|x86 = Debug|x86
		Release|Any CPU = Release|Any CPU
		Release|x64 = Release|x64
		Release|x86 = Release|x86
	EndGlobalSection
	GlobalSection(SolutionProperties) = preSolution
		HideSolutionNode = FALSE
	EndGlobalSection
	GlobalSection(ProjectConfigurationPlatforms) = postSolution
		{816ACB20-C4CA-4520-BC5F-CC508844B273}.Debug|Any CPU.ActiveCfg = Debug|Any CPU
		{816ACB20-C4CA-4520-BC5F-CC508844B273}.Debug|Any CPU.Build.0 = Debug|Any CPU
		{816ACB20-C4CA-4520-BC5F-CC508844B273}.Debug|x64.ActiveCfg = Debug|Any CPU
		{816ACB20-C4CA-4520-BC5F-CC508844B273}.Debug|x64.Build.0 = Debug|Any CPU
		{816ACB20-C4CA-4520-BC5F-CC508844B273}.Debug|x86.ActiveCfg = Debug|Any CPU
		{816ACB20-C4CA-4520-BC5F-CC508844B273}.Debug|x86.Build.0 = Debug|Any CPU
		{816ACB20-C4CA-4520-BC5F-CC508844B273}.Release|Any CPU.ActiveCfg = Release|Any CPU
		{816ACB20-C4CA-4520-BC5F-CC508844B273}.Release|Any CPU.Build.0 = Release|Any CPU
		{816ACB20-C4CA-4520-BC5F-CC508844B273}.Release|x64.ActiveCfg = Release|Any CPU
		{816ACB20-C4CA-4520-BC5F-CC508844B273}.Release|x64.Build.0 = Release|Any CPU
		{816ACB20-C4CA-4520-BC5F-CC508844B273}.Release|x86.ActiveCfg = Release|Any CPU
		{816ACB20-C4CA-4520-BC5F-CC508844B273}.Release|x86.Build.0 = Release|Any CPU
		{9E9E74FD-EB01-43C8-907A-720EFE543924}.Debug|Any CPU.ActiveCfg = Debug|Any CPU
		{9E9E74FD-EB01-43C8-907A-720EFE543924}.Debug|Any CPU.Build.0 = Debug|Any CPU
		{9E9E74FD-EB01-43C8-907A-720EFE543924}.Debug|x64.ActiveCfg = Debug|Any CPU
		{9E9E74FD-EB01-43C8-907A-720EFE543924}.Debug|x64.Build.0 = Debug|Any CPU
		{9E9E74FD-EB01-43C8-907A-720EFE543924}.Debug|x86.ActiveCfg = Debug|Any CPU
		{9E9E74FD-EB01-43C8-907A-720EFE543924}.Debug|x86.Build.0 = Debug|Any CPU
		{9E9E74FD-EB01-43C8-907A-720EFE543924}.Release|Any CPU.ActiveCfg = Release|Any CPU
		{9E9E74FD-EB01-43C8-907A-720EFE543924}.Release|Any CPU.Build.0 = Release|Any CPU
		{9E9E74FD-EB01-43C8-907A-720EFE543924}.Release|x64.ActiveCfg = Release|Any CPU
		{9E9E74FD-EB01-43C8-907A-720EFE543924}.Release|x64.Build.0 = Release|Any CPU
		{9E9E74FD-EB01-43C8-907A-720EFE543924}.Release|x86.ActiveCfg = Release|Any CPU
		{9E9E74FD-EB01-43C8-907A-720EFE543924}.Release|x86.Build.0 = Release|Any CPU
	EndGlobalSection
EndGlobal
